{
  "version": 2,
  "dependencies": {
    "net9.0": {
      "Ardalis.SmartEnum.EFCore": {
        "type": "Direct",
        "requested": "[8.2.0, )",
        "resolved": "8.2.0",
        "contentHash": "6SDTHNZ7EMA8Jbuoy6qNdcvT6VQ2kO68WBgPZWvJshNCYUMab8+Li+SwHrn1HqUDYP1vWFK+2mS60+XXO6hmwg==",
        "dependencies": {
          "Ardalis.SmartEnum": "8.2.0",
          "Microsoft.EntityFrameworkCore": "7.0.13",
          "System.Text.Json": "9.0.0"
        }
      },
      "Microsoft.SourceLink.GitHub": {
        "type": "Direct",
        "requested": "[10.0.102, )",
        "resolved": "10.0.102",
        "contentHash": "Oxq3RCIJSdtpIU4hLqO7XaDe/Ra3HS9Wi8rJl838SAg6Zu1iQjerA0+xXWBgUFYbgknUGCLOU0T+lzMLkvY9Qg==",
        "dependencies": {
          "Microsoft.Build.Tasks.Git": "10.0.102",
          "Microsoft.SourceLink.Common": "10.0.102"
        }
      },
      "System.Text.Json": {
        "type": "Direct",
        "requested": "[9.0.14, )",
        "resolved": "9.0.14",
        "contentHash": "zahtYv0C3LAIUUSiEwuL9QAtal8X1cp32qua8JWMjgoik33BpRU9ziLT9QJukF39y/G43VeTn0XFcDujzeFMMA=="
      },
      "MediatR.Contracts": {
        "type": "Transitive",
        "resolved": "2.0.1",
        "contentHash": "FYv95bNT4UwcNA+G/J1oX5OpRiSUxteXaUt2BJbRSdRNiIUNbggJF69wy6mnk2wYToaanpdXZdCwVylt96MpwQ=="
      },
      "Microsoft.Build.Tasks.Git": {
        "type": "Transitive",
        "resolved": "10.0.102",
        "contentHash": "0i81LYX31U6UiXz4NOLbvc++u+/mVDmOt+PskrM/MygpDxkv9THKQyRUmavBpLK6iBV0abNWnn+CQgSRz//Pwg=="
      },
      "Microsoft.EntityFrameworkCore.Abstractions": {
        "type": "Transitive",
        "resolved": "9.0.14",
        "contentHash": "lU0DBe/uZ5hNW1G6tQcikcJhjmDE4eRjRQzaiFi41zxXUMndtZQaGGVNVWXeW6M9K6T212WnBA5cwydzBYmKNA=="
      },
      "Microsoft.EntityFrameworkCore.Analyzers": {
        "type": "Transitive",
        "resolved": "9.0.14",
        "contentHash": "u7j9NgArLjf3OzeXX1jx9K59Ytki0CfhMloXxons/cIhq/35QilP6R+NfPlQy/nMax+edeGRRfEg9hWFsjqsXA=="
      },
      "Microsoft.Extensions.Caching.Abstractions": {
        "type": "Transitive",
        "resolved": "9.0.14",
        "contentHash": "fnHxSqrDnPRTO/AbHR6N5mZOY9NmP14rx8aZiresGF27ypqH+J8ZEgXsiXbHVe8az2IGrZWP2a+uNUGBlzVlHQ==",
        "dependencies": {
          "Microsoft.Extensions.Primitives": "9.0.14"
        }
      },
      "Microsoft.Extensions.Caching.Memory": {
        "type": "Transitive",
        "resolved": "9.0.14",
        "contentHash": "VoOzKJaoQZ0pe9RKKEunAO5v37HA/WWBxxiYIOThmHb+OnQPk/+ZvdR5zcbF0XedIUK/agAYORkrb08AQ4ywrQ==",
        "dependencies": {
          "Microsoft.Extensions.Caching.Abstractions": "9.0.14",
          "Microsoft.Extensions.DependencyInjection.Abstractions": "9.0.14",
          "Microsoft.Extensions.Logging.Abstractions": "9.0.14",
          "Microsoft.Extensions.Options": "9.0.14",
          "Microsoft.Extensions.Primitives": "9.0.14"
        }
      },
      "Microsoft.Extensions.Primitives": {
        "type": "Transitive",
        "resolved": "9.0.14",
        "contentHash": "1bP1fEv6MdXvX4TsxrT94AE2aOIPI9p0xgVsxUliB91wDXHUwbBHV1hXKbfu0ZHEdBuYEusyTVoUwUXp71fh8w=="
      },
      "Microsoft.SourceLink.Common": {
        "type": "Transitive",
        "resolved": "10.0.102",
        "contentHash": "Mk1IMb9q5tahC2NltxYXFkLBtuBvfBoCQ3pIxYQWfzbCE9o1OB9SsHe0hnNGo7lWgTA/ePbFAJLWu6nLL9K17A=="
      },
      "enigmatry.entry.core": {
        "type": "Project",
        "dependencies": {
          "FluentValidation": "[12.1.1, )",
          "JetBrains.Annotations": "[2025.2.4, )",
          "MediatR": "[12.4.1, 12.4.1]",
          "Microsoft.Extensions.Logging.Abstractions": "[9.0.14, )",
          "Serilog": "[4.3.0, )",
          "System.ComponentModel.Annotations": "[5.0.0, )"
        }
      },
      "enigmatry.entry.core.entityframework": {
        "type": "Project",
        "dependencies": {
          "AutoMapper": "[14.0.0, 14.0.0]",
          "Enigmatry.Entry.Core": "[1.0.0, )",
          "Microsoft.EntityFrameworkCore": "[9.0.14, )",
          "System.Linq.Dynamic.Core": "[1.7.1, )"
        }
      },
      "enigmatry.entry.smartenums": {
        "type": "Project",
        "dependencies": {
          "Ardalis.SmartEnum": "[8.2.0, )",
          "Enigmatry.Entry.Core": "[1.0.0, )",
          "JetBrains.Annotations": "[2025.2.4, )"
        }
      },
      "Ardalis.SmartEnum": {
        "type": "CentralTransitive",
        "requested": "[8.2.0, )",
        "resolved": "8.2.0",
        "contentHash": "P1CLI2okpzHjOJnZMYLnzcyu1/fUJEYK1X4JSnal2TPmovrUTtXK6Sn78D2JgKUdwjSeWddnRveMj+BEZoksvg=="
      },
      "AutoMapper": {
        "type": "CentralTransitive",
        "requested": "[14.0.0, 14.0.0]",
        "resolved": "14.0.0",
        "contentHash": "OC+1neAPM4oCCqQj3g2GJ2shziNNhOkxmNB9cVS8jtx4JbgmRzLcUOxB9Tsz6cVPHugdkHgCaCrTjjSI0Z5sCQ==",
        "dependencies": {
          "Microsoft.Extensions.Options": "8.0.0"
        }
      },
      "FluentValidation": {
        "type": "CentralTransitive",
        "requested": "[12.1.1, )",
        "resolved": "12.1.1",
        "contentHash": "EPpkIe1yh1a0OXyC100oOA8WMbZvqUu5plwhvYcb7oSELfyUZzfxV48BLhvs3kKo4NwG7MGLNgy1RJiYtT8Dpw=="
      },
      "JetBrains.Annotations": {
        "type": "CentralTransitive",
        "requested": "[2025.2.4, )",
        "resolved": "2025.2.4",
        "contentHash": "TwbgxAkXxY+vNEhNVx/QXjJ4vqxmepOjsgRvvImQPbHkHMMb4W+ahL3laMsxXKtNT7iMy+E1B3xkqao2hf1n3A=="
      },
      "MediatR": {
        "type": "CentralTransitive",
        "requested": "[12.4.1, 12.4.1]",
        "resolved": "12.4.1",
        "contentHash": "0tLxCgEC5+r1OCuumR3sWyiVa+BMv3AgiU4+pz8xqTc+2q1WbUEXFOr7Orm96oZ9r9FsldgUtWvB2o7b9jDOaw==",
        "dependencies": {
          "MediatR.Contracts": "[2.0.1, 3.0.0)",
          "Microsoft.Extensions.DependencyInjection.Abstractions": "8.0.0"
        }
      },
      "Microsoft.EntityFrameworkCore": {
        "type": "CentralTransitive",
        "requested": "[9.0.14, )",
        "resolved": "9.0.14",
        "contentHash": "Bxw540n++gVwFbrh3NyxwV4ZwPonhbBmhiq7JdDyBUibLAPGvqvsu73Us3LGfRoLbQrhPEgu6cKSvQq+5ABAJA==",
        "dependencies": {
          "Microsoft.EntityFrameworkCore.Abstractions": "9.0.14",
          "Microsoft.EntityFrameworkCore.Analyzers": "9.0.14",
          "Microsoft.Extensions.Caching.Memory": "9.0.14",
          "Microsoft.Extensions.Logging": "9.0.14"
        }
      },
      "Microsoft.Extensions.DependencyInjection": {
        "type": "CentralTransitive",
        "requested": "[9.0.14, )",
        "resolved": "9.0.14",
        "contentHash": "p6qFGRiZK2kSNWf/smkpb2qrnwMGb5WX9RV7MV9TKxmhEjgB6fx8kjRT5CbKsF1kaTzJU6q/P/8YxfEDO2Hb8g==",
        "dependencies": {
          "Microsoft.Extensions.DependencyInjection.Abstractions": "9.0.14"
        }
      },
      "Microsoft.Extensions.DependencyInjection.Abstractions": {
        "type": "CentralTransitive",
        "requested": "[9.0.14, )",
        "resolved": "9.0.14",
        "contentHash": "LezJ0enh6upO5EnPwACOZc/DdT1A8lvX6HPl/0rbe0eGt9rTDDPfx+Ny9OYZqf4g25Y3hOfWBQtRfMzueINNVQ=="
      },
      "Microsoft.Extensions.Logging": {
        "type": "CentralTransitive",
        "requested": "[9.0.14, )",
        "resolved": "9.0.14",
        "contentHash": "z1VeGpJzXezF8DJScU7q4NS30NC/X5tnmv/F6t8AWu4PG4oGX2cVGcfaRRxaFLS1Kq77hd4f8xqySj5F8VZImQ==",
        "dependencies": {
          "Microsoft.Extensions.DependencyInjection": "9.0.14",
          "Microsoft.Extensions.Logging.Abstractions": "9.0.14",
          "Microsoft.Extensions.Options": "9.0.14"
        }
      },
      "Microsoft.Extensions.Logging.Abstractions": {
        "type": "CentralTransitive",
        "requested": "[9.0.14, )",
        "resolved": "9.0.14",
        "contentHash": "uodlxeHHtvEgrAXzHa5T+ESnQhxCk/QSONpiabWjZ8Hn+PcMkXtmbX8YkL1XcFGHqj7hZXUAe2pq7gBptPTz2Q==",
        "dependencies": {
          "Microsoft.Extensions.DependencyInjection.Abstractions": "9.0.14"
        }
      },
      "Microsoft.Extensions.Options": {
        "type": "CentralTransitive",
        "requested": "[9.0.14, )",
        "resolved": "9.0.14",
        "contentHash": "hwn0jONblkFl4k5qcDBKuE/BrLxgBN9OOttnoIRsJgDlsxhwuGoVaHJtWdpTg8adDRMlgMrgeuv8WjMG7UnfUg==",
        "dependencies": {
          "Microsoft.Extensions.DependencyInjection.Abstractions": "9.0.14",
          "Microsoft.Extensions.Primitives": "9.0.14"
        }
      },
      "Serilog": {
        "type": "CentralTransitive",
        "requested": "[4.3.0, )",
        "resolved": "4.3.0",
        "contentHash": "+cDryFR0GRhsGOnZSKwaDzRRl4MupvJ42FhCE4zhQRVanX0Jpg6WuCBk59OVhVDPmab1bB+nRykAnykYELA9qQ=="
      },
      "System.ComponentModel.Annotations": {
        "type": "CentralTransitive",
        "requested": "[5.0.0, )",
        "resolved": "5.0.0",
        "contentHash": "dMkqfy2el8A8/I76n2Hi1oBFEbG1SfxD2l5nhwXV3XjlnOmwxJlQbYpJH4W51odnU9sARCSAgv7S3CyAFMkpYg=="
      },
      "System.Linq.Dynamic.Core": {
        "type": "CentralTransitive",
        "requested": "[1.7.1, )",
        "resolved": "1.7.1",
        "contentHash": "qlgku/j9r0fei52yxR5ho9nC/fWGZuaELqPkZmJm24QZbBW4cL3sVWri1dZ0cKgARD7cgFKBdRqzxYoIG5Q0Cg=="
      }
    }
  }
}