{
  "version": 2,
  "dependencies": {
    "net9.0": {
      "JetBrains.Annotations": {
        "type": "Direct",
        "requested": "[2025.2.4, )",
        "resolved": "2025.2.4",
        "contentHash": "TwbgxAkXxY+vNEhNVx/QXjJ4vqxmepOjsgRvvImQPbHkHMMb4W+ahL3laMsxXKtNT7iMy+E1B3xkqao2hf1n3A=="
      },
      "Microsoft.Extensions.DependencyInjection.Abstractions": {
        "type": "Direct",
        "requested": "[9.0.11, )",
        "resolved": "9.0.11",
        "contentHash": "+ZxxZzcVU+IEzq12GItUzf/V3mEc5nSLiXijwvDc4zyhbjvSZZ043giSZqGnhakrjwRWjkerIHPrRwm9okEIpw=="
      },
      "Microsoft.SourceLink.GitHub": {
        "type": "Direct",
        "requested": "[8.0.0, )",
        "resolved": "8.0.0",
        "contentHash": "G5q7OqtwIyGTkeIOAc3u2ZuV/kicQaec5EaRnc0pIeSnh9LUjj+PYQrJYBURvDt7twGl2PKA7nSN0kz1Zw5bnQ==",
        "dependencies": {
          "Microsoft.Build.Tasks.Git": "8.0.0",
          "Microsoft.SourceLink.Common": "8.0.0"
        }
      },
      "NJsonSchema": {
        "type": "Direct",
        "requested": "[11.5.2, )",
        "resolved": "11.5.2",
        "contentHash": "CAmnt4tnylb82Ro6f2EFIGz8rmThuCsITECUNqGhVEQ5VvxV+XwsTPz6LF58MbvUEV1jVcH+uxxljgM/etgK7A==",
        "dependencies": {
          "NJsonSchema.Annotations": "11.5.2",
          "Namotion.Reflection": "3.4.3",
          "Newtonsoft.Json": "13.0.3"
        }
      },
      "NSwag.AspNetCore": {
        "type": "Direct",
        "requested": "[14.6.3, )",
        "resolved": "14.6.3",
        "contentHash": "rKhVvcmhDdI91RBntyzzO/Tjfeo4dh1zkO2UaG3R7wWp40GUK+RzZJpY4NjwuawsG+PPEWCDCKEgJL8BNo3R3A==",
        "dependencies": {
          "NJsonSchema": "11.5.2",
          "NJsonSchema.NewtonsoftJson": "11.5.2",
          "NJsonSchema.Yaml": "11.5.2",
          "NSwag.Annotations": "14.6.3",
          "NSwag.Core.Yaml": "14.6.3",
          "NSwag.Generation.AspNetCore": "14.6.3",
          "Namotion.Reflection": "3.4.3",
          "Newtonsoft.Json": "13.0.3"
        }
      },
      "Microsoft.Build.Tasks.Git": {
        "type": "Transitive",
        "resolved": "8.0.0",
        "contentHash": "bZKfSIKJRXLTuSzLudMFte/8CempWjVamNUR5eHJizsy+iuOuO/k2gnh7W0dHJmYY0tBf+gUErfluCv5mySAOQ=="
      },
      "Microsoft.SourceLink.Common": {
        "type": "Transitive",
        "resolved": "8.0.0",
        "contentHash": "dk9JPxTCIevS75HyEQ0E4OVAFhB2N+V9ShCXf8Q6FkUQZDkgLI12y679Nym1YqsiSysuQskT7Z+6nUf3yab6Vw=="
      },
      "Namotion.Reflection": {
        "type": "Transitive",
        "resolved": "3.4.3",
        "contentHash": "KLk2gLR9f8scM82EiL+p9TONXXPy9+IAZVMzJOA/Wsa7soZD7UJGG6j0fq0D9ZoVnBRRnSeEC7kShhRo3Olgaw=="
      },
      "NJsonSchema.Annotations": {
        "type": "Transitive",
        "resolved": "11.5.2",
        "contentHash": "OfYQgNzJZb1r/gR5vza0DbBLxnmcITDhA5CXFuX1qxuP3rRdQMjbIz5VyDVHCU1QxyrfAymzajbh7iszEvyFGQ=="
      },
      "NJsonSchema.NewtonsoftJson": {
        "type": "Transitive",
        "resolved": "11.5.2",
        "contentHash": "2KuhjeP/E/hqixoKRjKUXD56V8gBkEB51gdbTU2gN2AeabCG4gW5YsAUl+ZumFgj0cbEJ7GKdl9IBdeZaLxiTA==",
        "dependencies": {
          "NJsonSchema": "11.5.2",
          "Newtonsoft.Json": "13.0.3"
        }
      },
      "NJsonSchema.Yaml": {
        "type": "Transitive",
        "resolved": "11.5.2",
        "contentHash": "1H835IiOxO5tpqpTN4Ibs0qymHbobHoYr+2K3ZdUVpzwlFDgaGflKmKT+7Hj4cBxKBsNs+MxTeCOEeM+PN1VRw==",
        "dependencies": {
          "NJsonSchema": "11.5.2",
          "YamlDotNet": "16.3.0"
        }
      },
      "NSwag.Annotations": {
        "type": "Transitive",
        "resolved": "14.6.3",
        "contentHash": "ZAmmjFF6ieW7D7bS7ViIcFZ6Sq77NxAZbvIOypsB8EVRnZMdcr+Rn/sVaVDwPi3YtZJBydSAMNsYDdluhy0ayA=="
      },
      "NSwag.Core": {
        "type": "Transitive",
        "resolved": "14.6.3",
        "contentHash": "TrX5mbmuoOIUaOs/77Rohu0xir4nKjAVHmVsct7wmnsAI6b0HOYEM9eH9km0VbcNKj0baNQ7qYSKH6KXMkkz0Q==",
        "dependencies": {
          "NJsonSchema": "11.5.2",
          "Namotion.Reflection": "3.4.3",
          "Newtonsoft.Json": "13.0.3"
        }
      },
      "NSwag.Core.Yaml": {
        "type": "Transitive",
        "resolved": "14.6.3",
        "contentHash": "/XVgHvtFaJiGElFG1Wuk9N4AwKzmrD8udUKymDQPoqtvg5L0nSeZsnlRgKwPJq/4vquN51AIGWqB8iK4O3YRHg==",
        "dependencies": {
          "NJsonSchema": "11.5.2",
          "NJsonSchema.Yaml": "11.5.2",
          "NSwag.Core": "14.6.3",
          "Namotion.Reflection": "3.4.3",
          "Newtonsoft.Json": "13.0.3"
        }
      },
      "NSwag.Generation": {
        "type": "Transitive",
        "resolved": "14.6.3",
        "contentHash": "PMeOxbdL9XaSgPN2eZfb9gv1fHEtqMujaXCR/EL2A8JNVicCNZH73iy/IKuhNrTstZdzHp0XMYz1vbIvUKiWvQ==",
        "dependencies": {
          "NJsonSchema": "11.5.2",
          "NJsonSchema.NewtonsoftJson": "11.5.2",
          "NSwag.Core": "14.6.3",
          "Namotion.Reflection": "3.4.3",
          "Newtonsoft.Json": "13.0.3"
        }
      },
      "YamlDotNet": {
        "type": "Transitive",
        "resolved": "16.3.0",
        "contentHash": "SgMOdxbz8X65z8hraIs6hOEdnkH6hESTAIUa7viEngHOYaH+6q5XJmwr1+yb9vJpNQ19hCQY69xbFsLtXpobQA=="
      },
      "Newtonsoft.Json": {
        "type": "CentralTransitive",
        "requested": "[13.0.4, )",
        "resolved": "13.0.4",
        "contentHash": "pdgNNMai3zv51W5aq268sujXUyx7SNdE2bj1wZcWjAQrKMFZV260lbqYop1d2GM67JI1huLRwxo9ZqnfF/lC6A=="
      },
      "NSwag.Generation.AspNetCore": {
        "type": "CentralTransitive",
        "requested": "[14.6.3, )",
        "resolved": "14.6.3",
        "contentHash": "h3A6dekJz95mjLVREa0PHejNTipzZlslqGXttruMJdEBRtxqDOVe3osNllXszAF2kA5JKL8hByNlySIr6aI7MQ==",
        "dependencies": {
          "NJsonSchema": "11.5.2",
          "NJsonSchema.NewtonsoftJson": "11.5.2",
          "NSwag.Generation": "14.6.3",
          "Namotion.Reflection": "3.4.3",
          "Newtonsoft.Json": "13.0.3"
        }
      }
    }
  }
}